
Microsoft Visual Studio Solution File, Format Version 12.00
# Visual Studio Version 16
VisualStudioVersion = 16.0.29025.244
MinimumVisualStudioVersion = 10.0.40219.1
Project("{FAE04EC0-301F-11D3-BF4B-00C04F79EFBC}") = "Rafotel", "Rafotel.csproj", "{0D272747-D7EB-4717-B528-6328148861DC}"
EndProject
Global
	GlobalSection(SolutionConfigurationPlatforms) = preSolution
		Debug|Any CPU = Debug|Any CPU
		Release|Any CPU = Release|Any CPU
	EndGlobalSection
	GlobalSection(ProjectConfigurationPlatforms) = postSolution
		{0D272747-D7EB-4717-B528-6328148861DC}.Debug|Any CPU.ActiveCfg = Debug|Any CPU
		{0D272747-D7EB-4717-B528-6328148861DC}.Debug|Any CPU.Build.0 = Debug|Any CPU
		{0D272747-D7EB-4717-B528-6328148861DC}.Release|Any CPU.ActiveCfg = Release|Any CPU
		{0D272747-D7EB-4717-B528-6328148861DC}.Release|Any CPU.Build.0 = Release|Any CPU
	EndGlobalSection
	GlobalSection(SolutionProperties) = preSolution
		HideSolutionNode = FALSE
	EndGlobalSection
	GlobalSection(ExtensibilityGlobals) = postSolution
		SolutionGuid = {37FD2E65-DD49-4E47-8920-7BF76D5217A1}
	EndGlobalSection
EndGlobal
